
Microsoft Visual Studio Solution File, Format Version 12.00
# Visual Studio Version 16
VisualStudioVersion = 16.0.28803.202
MinimumVisualStudioVersion = 10.0.40219.1
Project("{FAE04EC0-301F-11D3-BF4B-00C04F79EFBC}") = "StoreApp", "StoreApp\StoreApp.csproj", "{F6C22669-EFC7-409A-A49F-AB872FA633B9}"
EndProject
Project("{FAE04EC0-301F-11D3-BF4B-00C04F79EFBC}") = "StoreData", "StoreData\StoreData.csproj", "{6B77CCF0-9CA2-43D7-87B5-F7F21AB510D1}"
EndProject
Project("{FAE04EC0-301F-11D3-BF4B-00C04F79EFBC}") = "StoreBLL", "StoreBLL\StoreBLL.csproj", "{3B55E642-396B-4589-96B3-33948D0FE61E}"
EndProject
Project("{FAE04EC0-301F-11D3-BF4B-00C04F79EFBC}") = "StoreModel", "StoreModel\StoreModel.csproj", "{A909B85D-F9A4-436A-BEC8-7345E75201A1}"
EndProject
Global
	GlobalSection(SolutionConfigurationPlatforms) = preSolution
		Debug|Any CPU = Debug|Any CPU
		Release|Any CPU = Release|Any CPU
	EndGlobalSection
	GlobalSection(ProjectConfigurationPlatforms) = postSolution
		{F6C22669-EFC7-409A-A49F-AB872FA633B9}.Debug|Any CPU.ActiveCfg = Debug|Any CPU
		{F6C22669-EFC7-409A-A49F-AB872FA633B9}.Debug|Any CPU.Build.0 = Debug|Any CPU
		{F6C22669-EFC7-409A-A49F-AB872FA633B9}.Release|Any CPU.ActiveCfg = Release|Any CPU
		{F6C22669-EFC7-409A-A49F-AB872FA633B9}.Release|Any CPU.Build.0 = Release|Any CPU
		{6B77CCF0-9CA2-43D7-87B5-F7F21AB510D1}.Debug|Any CPU.ActiveCfg = Debug|Any CPU
		{6B77CCF0-9CA2-43D7-87B5-F7F21AB510D1}.Debug|Any CPU.Build.0 = Debug|Any CPU
		{6B77CCF0-9CA2-43D7-87B5-F7F21AB510D1}.Release|Any CPU.ActiveCfg = Release|Any CPU
		{6B77CCF0-9CA2-43D7-87B5-F7F21AB510D1}.Release|Any CPU.Build.0 = Release|Any CPU
		{3B55E642-396B-4589-96B3-33948D0FE61E}.Debug|Any CPU.ActiveCfg = Debug|Any CPU
		{3B55E642-396B-4589-96B3-33948D0FE61E}.Debug|Any CPU.Build.0 = Debug|Any CPU
		{3B55E642-396B-4589-96B3-33948D0FE61E}.Release|Any CPU.ActiveCfg = Release|Any CPU
		{3B55E642-396B-4589-96B3-33948D0FE61E}.Release|Any CPU.Build.0 = Release|Any CPU
		{A909B85D-F9A4-436A-BEC8-7345E75201A1}.Debug|Any CPU.ActiveCfg = Debug|Any CPU
		{A909B85D-F9A4-436A-BEC8-7345E75201A1}.Debug|Any CPU.Build.0 = Debug|Any CPU
		{A909B85D-F9A4-436A-BEC8-7345E75201A1}.Release|Any CPU.ActiveCfg = Release|Any CPU
		{A909B85D-F9A4-436A-BEC8-7345E75201A1}.Release|Any CPU.Build.0 = Release|Any CPU
	EndGlobalSection
	GlobalSection(SolutionProperties) = preSolution
		HideSolutionNode = FALSE
	EndGlobalSection
	GlobalSection(ExtensibilityGlobals) = postSolution
		SolutionGuid = {99B10957-5205-4C5E-AAE6-B6FB17B34A0F}
	EndGlobalSection
EndGlobal
